
Microsoft Visual Studio Solution File, Format Version 12.00
# Visual Studio 15
VisualStudioVersion = 15.0.27130.2024
MinimumVisualStudioVersion = 10.0.40219.1
Project("{FAE04EC0-301F-11D3-BF4B-00C04F79EFBC}") = "FSDemo_305", "FSDemo_305\FSDemo_305.csproj", "{CE2DF8F6-15C0-4BFD-BC68-033118D193E2}"
EndProject
Project("{FAE04EC0-301F-11D3-BF4B-00C04F79EFBC}") = "FSDemo_307", "FSDemo_307\FSDemo_307.csproj", "{CC9AA6D6-89F2-4481-9656-0849E6848F4B}"
EndProject
Global
	GlobalSection(SolutionConfigurationPlatforms) = preSolution
		Debug|Any CPU = Debug|Any CPU
		Release|Any CPU = Release|Any CPU
	EndGlobalSection
	GlobalSection(ProjectConfigurationPlatforms) = postSolution
		{CE2DF8F6-15C0-4BFD-BC68-033118D193E2}.Debug|Any CPU.ActiveCfg = Debug|Any CPU
		{CE2DF8F6-15C0-4BFD-BC68-033118D193E2}.Debug|Any CPU.Build.0 = Debug|Any CPU
		{CE2DF8F6-15C0-4BFD-BC68-033118D193E2}.Release|Any CPU.ActiveCfg = Release|Any CPU
		{CE2DF8F6-15C0-4BFD-BC68-033118D193E2}.Release|Any CPU.Build.0 = Release|Any CPU
		{CC9AA6D6-89F2-4481-9656-0849E6848F4B}.Debug|Any CPU.ActiveCfg = Debug|Any CPU
		{CC9AA6D6-89F2-4481-9656-0849E6848F4B}.Debug|Any CPU.Build.0 = Debug|Any CPU
		{CC9AA6D6-89F2-4481-9656-0849E6848F4B}.Release|Any CPU.ActiveCfg = Release|Any CPU
		{CC9AA6D6-89F2-4481-9656-0849E6848F4B}.Release|Any CPU.Build.0 = Release|Any CPU
	EndGlobalSection
	GlobalSection(SolutionProperties) = preSolution
		HideSolutionNode = FALSE
	EndGlobalSection
	GlobalSection(ExtensibilityGlobals) = postSolution
		SolutionGuid = {7FA29399-34CC-4CC8-9560-CA38D50A62BE}
	EndGlobalSection
EndGlobal
